
Microsoft Visual Studio Solution File, Format Version 12.00
# Visual Studio 15
VisualStudioVersion = 15.0.28010.2016
MinimumVisualStudioVersion = 10.0.40219.1
Project("{9A19103F-16F7-4668-BE54-9A1E7A4F7556}") = "Core", "Core\Core.csproj", "{359DB360-A390-4493-B5C5-3B45A9CA2A5B}"
EndProject
Project("{2150E333-8FDC-42A3-9474-1A3956D46DE8}") = "Infrastructure", "Infrastructure", "{3CB4CA6D-406C-4764-BC14-CAE36C816D94}"
	ProjectSection(SolutionItems) = preProject
		Infrastructure\functionapps.tf = Infrastructure\functionapps.tf
		Infrastructure\main.tf = Infrastructure\main.tf
		Infrastructure\tconfig.tf = Infrastructure\tconfig.tf
		Infrastructure\variables.tf = Infrastructure\variables.tf
	EndProjectSection
EndProject
Project("{9A19103F-16F7-4668-BE54-9A1E7A4F7556}") = "MailCollectorFunction", "MailCollectorFunction\MailCollectorFunction.csproj", "{26B2013D-F1F9-4DC1-92C7-7EDAAA5BC54F}"
EndProject
Project("{9A19103F-16F7-4668-BE54-9A1E7A4F7556}") = "MailProcessorFunction", "MailProcessorFunction\MailProcessorFunction.csproj", "{1E943738-505A-4AD5-9AD6-2FB1BF3089EE}"
EndProject
Project("{9A19103F-16F7-4668-BE54-9A1E7A4F7556}") = "MailSanitiserFunction", "MailSanitiserFunction\MailSanitiserFunction.csproj", "{DA6D739E-0589-44DD-8C13-CBE32E3C6921}"
EndProject
Project("{9A19103F-16F7-4668-BE54-9A1E7A4F7556}") = "CollectMailScheduler", "CollectMailSchedulerFunction\CollectMailScheduler.csproj", "{A88D1527-DB4B-4CB8-B9AD-E45D6412035B}"
EndProject
Project("{2150E333-8FDC-42A3-9474-1A3956D46DE8}") = "Tests", "Tests", "{7A655222-A45C-4443-B020-956EBFF2FE83}"
EndProject
Project("{FAE04EC0-301F-11D3-BF4B-00C04F79EFBC}") = "EmailSentimentAnalysis.Tests.Unit", "Tests\EmailSentimentAnalysis.Tests.Unit\EmailSentimentAnalysis.Tests.Unit.csproj", "{CE217004-B348-4E72-9E5E-AB2DE323A050}"
EndProject
Global
	GlobalSection(SolutionConfigurationPlatforms) = preSolution
		Debug|Any CPU = Debug|Any CPU
		Release|Any CPU = Release|Any CPU
	EndGlobalSection
	GlobalSection(ProjectConfigurationPlatforms) = postSolution
		{359DB360-A390-4493-B5C5-3B45A9CA2A5B}.Debug|Any CPU.ActiveCfg = Debug|Any CPU
		{359DB360-A390-4493-B5C5-3B45A9CA2A5B}.Debug|Any CPU.Build.0 = Debug|Any CPU
		{359DB360-A390-4493-B5C5-3B45A9CA2A5B}.Release|Any CPU.ActiveCfg = Release|Any CPU
		{359DB360-A390-4493-B5C5-3B45A9CA2A5B}.Release|Any CPU.Build.0 = Release|Any CPU
		{26B2013D-F1F9-4DC1-92C7-7EDAAA5BC54F}.Debug|Any CPU.ActiveCfg = Debug|Any CPU
		{26B2013D-F1F9-4DC1-92C7-7EDAAA5BC54F}.Debug|Any CPU.Build.0 = Debug|Any CPU
		{26B2013D-F1F9-4DC1-92C7-7EDAAA5BC54F}.Release|Any CPU.ActiveCfg = Release|Any CPU
		{26B2013D-F1F9-4DC1-92C7-7EDAAA5BC54F}.Release|Any CPU.Build.0 = Release|Any CPU
		{1E943738-505A-4AD5-9AD6-2FB1BF3089EE}.Debug|Any CPU.ActiveCfg = Debug|Any CPU
		{1E943738-505A-4AD5-9AD6-2FB1BF3089EE}.Debug|Any CPU.Build.0 = Debug|Any CPU
		{1E943738-505A-4AD5-9AD6-2FB1BF3089EE}.Release|Any CPU.ActiveCfg = Release|Any CPU
		{1E943738-505A-4AD5-9AD6-2FB1BF3089EE}.Release|Any CPU.Build.0 = Release|Any CPU
		{DA6D739E-0589-44DD-8C13-CBE32E3C6921}.Debug|Any CPU.ActiveCfg = Debug|Any CPU
		{DA6D739E-0589-44DD-8C13-CBE32E3C6921}.Debug|Any CPU.Build.0 = Debug|Any CPU
		{DA6D739E-0589-44DD-8C13-CBE32E3C6921}.Release|Any CPU.ActiveCfg = Release|Any CPU
		{DA6D739E-0589-44DD-8C13-CBE32E3C6921}.Release|Any CPU.Build.0 = Release|Any CPU
		{A88D1527-DB4B-4CB8-B9AD-E45D6412035B}.Debug|Any CPU.ActiveCfg = Debug|Any CPU
		{A88D1527-DB4B-4CB8-B9AD-E45D6412035B}.Debug|Any CPU.Build.0 = Debug|Any CPU
		{A88D1527-DB4B-4CB8-B9AD-E45D6412035B}.Release|Any CPU.ActiveCfg = Release|Any CPU
		{A88D1527-DB4B-4CB8-B9AD-E45D6412035B}.Release|Any CPU.Build.0 = Release|Any CPU
		{CE217004-B348-4E72-9E5E-AB2DE323A050}.Debug|Any CPU.ActiveCfg = Debug|Any CPU
		{CE217004-B348-4E72-9E5E-AB2DE323A050}.Debug|Any CPU.Build.0 = Debug|Any CPU
		{CE217004-B348-4E72-9E5E-AB2DE323A050}.Release|Any CPU.ActiveCfg = Release|Any CPU
		{CE217004-B348-4E72-9E5E-AB2DE323A050}.Release|Any CPU.Build.0 = Release|Any CPU
	EndGlobalSection
	GlobalSection(SolutionProperties) = preSolution
		HideSolutionNode = FALSE
	EndGlobalSection
	GlobalSection(NestedProjects) = preSolution
		{CE217004-B348-4E72-9E5E-AB2DE323A050} = {7A655222-A45C-4443-B020-956EBFF2FE83}
	EndGlobalSection
	GlobalSection(ExtensibilityGlobals) = postSolution
		SolutionGuid = {6398C58B-3DB9-4C4A-9E85-CEE7173F7B93}
	EndGlobalSection
EndGlobal
